
Microsoft Visual Studio Solution File, Format Version 12.00
# Visual Studio Version 17
VisualStudioVersion = 17.9.34622.214
MinimumVisualStudioVersion = 10.0.40219.1
Project("{FAE04EC0-301F-11D3-BF4B-00C04F79EFBC}") = "Final_Project_2024", "Final_Project_2024\Final_Project_2024\Final_Project_2024.csproj", "{FA5C5BFE-3C31-40A7-9BD6-7B7373412BE8}"
EndProject
Project("{FAE04EC0-301F-11D3-BF4B-00C04F79EFBC}") = "Final_Project_2024.Client", "Final_Project_2024\Final_Project_2024.Client\Final_Project_2024.Client.csproj", "{6A195A5C-F2A9-40B3-9EDC-C6717BD9CB9C}"
EndProject
Global
	GlobalSection(SolutionConfigurationPlatforms) = preSolution
		Debug|Any CPU = Debug|Any CPU
		Release|Any CPU = Release|Any CPU
	EndGlobalSection
	GlobalSection(ProjectConfigurationPlatforms) = postSolution
		{FA5C5BFE-3C31-40A7-9BD6-7B7373412BE8}.Debug|Any CPU.ActiveCfg = Debug|Any CPU
		{FA5C5BFE-3C31-40A7-9BD6-7B7373412BE8}.Debug|Any CPU.Build.0 = Debug|Any CPU
		{FA5C5BFE-3C31-40A7-9BD6-7B7373412BE8}.Release|Any CPU.ActiveCfg = Release|Any CPU
		{FA5C5BFE-3C31-40A7-9BD6-7B7373412BE8}.Release|Any CPU.Build.0 = Release|Any CPU
		{6A195A5C-F2A9-40B3-9EDC-C6717BD9CB9C}.Debug|Any CPU.ActiveCfg = Debug|Any CPU
		{6A195A5C-F2A9-40B3-9EDC-C6717BD9CB9C}.Debug|Any CPU.Build.0 = Debug|Any CPU
		{6A195A5C-F2A9-40B3-9EDC-C6717BD9CB9C}.Release|Any CPU.ActiveCfg = Release|Any CPU
		{6A195A5C-F2A9-40B3-9EDC-C6717BD9CB9C}.Release|Any CPU.Build.0 = Release|Any CPU
	EndGlobalSection
	GlobalSection(SolutionProperties) = preSolution
		HideSolutionNode = FALSE
	EndGlobalSection
	GlobalSection(ExtensibilityGlobals) = postSolution
		SolutionGuid = {2DA7B6BD-EDC5-4E4B-AC05-8F735C91BEA4}
	EndGlobalSection
EndGlobal
